// !$*UTF8*$!
{
	archiveVersion = 1;
	classes = {
	};
	objectVersion = 50;
	objects = {

/* Begin PBXBuildFile section */
		1FD8153F22705683006F6B42 /* AppDelegate.m in Sources */ = {isa = PBXBuildFile; fileRef = 1FD8153E22705683006F6B42 /* AppDelegate.m */; };
		1FD8154222705683006F6B42 /* ViewController.m in Sources */ = {isa = PBXBuildFile; fileRef = 1FD8154122705683006F6B42 /* ViewController.m */; };
		1FD8154522705683006F6B42 /* Main.storyboard in Resources */ = {isa = PBXBuildFile; fileRef = 1FD8154322705683006F6B42 /* Main.storyboard */; };
		1FD8154722705684006F6B42 /* Assets.xcassets in Resources */ = {isa = PBXBuildFile; fileRef = 1FD8154622705684006F6B42 /* Assets.xcassets */; };
		1FD8154A22705684006F6B42 /* LaunchScreen.storyboard in Resources */ = {isa = PBXBuildFile; fileRef = 1FD8154822705684006F6B42 /* LaunchScreen.storyboard */; };
		1FD8154D22705684006F6B42 /* main.m in Sources */ = {isa = PBXBuildFile; fileRef = 1FD8154C22705684006F6B42 /* main.m */; };
		1FD8155522705704006F6B42 /* MyCollectionViewCell.m in Sources */ = {isa = PBXBuildFile; fileRef = 1FD8155422705704006F6B42 /* MyCollectionViewCell.m */; };
		1FD815582270571D006F6B42 /* MyCollectionViewController.m in Sources */ = {isa = PBXBuildFile; fileRef = 1FD815572270571D006F6B42 /* MyCollectionViewController.m */; };
		1FD8155A22705873006F6B42 /* firstPic.png in Resources */ = {isa = PBXBuildFile; fileRef = 1FD8155922705873006F6B42 /* firstPic.png */; };
/* End PBXBuildFile section */

/* Begin PBXFileReference section */
		1FD8153A22705683006F6B42 /* Lab6CollectionViewDemo.app */ = {isa = PBXFileReference; explicitFileType = wrapper.application; includeInIndex = 0; path = Lab6CollectionViewDemo.app; sourceTree = BUILT_PRODUCTS_DIR; };
		1FD8153D22705683006F6B42 /* AppDelegate.h */ = {isa = PBXFileReference; lastKnownFileType = sourcecode.c.h; path = AppDelegate.h; sourceTree = "<group>"; };
		1FD8153E22705683006F6B42 /* AppDelegate.m */ = {isa = PBXFileReference; lastKnownFileType = sourcecode.c.objc; path = AppDelegate.m; sourceTree = "<group>"; };
		1FD8154022705683006F6B42 /* ViewController.h */ = {isa = PBXFileReference; lastKnownFileType = sourcecode.c.h; path = ViewController.h; sourceTree = "<group>"; };
		1FD8154122705683006F6B42 /* ViewController.m */ = {isa = PBXFileReference; lastKnownFileType = sourcecode.c.objc; path = ViewController.m; sourceTree = "<group>"; };
		1FD8154422705683006F6B42 /* Base */ = {isa = PBXFileReference; lastKnownFileType = file.storyboard; name = Base; path = Base.lproj/Main.storyboard; sourceTree = "<group>"; };
		1FD8154622705684006F6B42 /* Assets.xcassets */ = {isa = PBXFileReference; lastKnownFileType = folder.assetcatalog; path = Assets.xcassets; sourceTree = "<group>"; };
		1FD8154922705684006F6B42 /* Base */ = {isa = PBXFileReference; lastKnownFileType = file.storyboard; name = Base; path = Base.lproj/LaunchScreen.storyboard; sourceTree = "<group>"; };
		1FD8154B22705684006F6B42 /* Info.plist */ = {isa = PBXFileReference; lastKnownFileType = text.plist.xml; path = Info.plist; sourceTree = "<group>"; };
		1FD8154C22705684006F6B42 /* main.m */ = {isa = PBXFileReference; lastKnownFileType = sourcecode.c.objc; path = main.m; sourceTree = "<group>"; };
		1FD8155322705704006F6B42 /* MyCollectionViewCell.h */ = {isa = PBXFileReference; lastKnownFileType = sourcecode.c.h; path = MyCollectionViewCell.h; sourceTree = "<group>"; };
		1FD8155422705704006F6B42 /* MyCollectionViewCell.m */ = {isa = PBXFileReference; lastKnownFileType = sourcecode.c.objc; path = MyCollectionViewCell.m; sourceTree = "<group>"; };
		1FD815562270571D006F6B42 /* MyCollectionViewController.h */ = {isa = PBXFileReference; lastKnownFileType = sourcecode.c.h; path = MyCollectionViewController.h; sourceTree = "<group>"; };
		1FD815572270571D006F6B42 /* MyCollectionViewController.m */ = {isa = PBXFileReference; lastKnownFileType = sourcecode.c.objc; path = MyCollectionViewController.m; sourceTree = "<group>"; };
		1FD8155922705873006F6B42 /* firstPic.png */ = {isa = PBXFileReference; lastKnownFileType = image.png; path = firstPic.png; sourceTree = "<group>"; };
/* End PBXFileReference section */

/* Begin PBXFrameworksBuildPhase section */
		1FD8153722705683006F6B42 /* Frameworks */ = {
			isa = PBXFrameworksBuildPhase;
			buildActionMask = 2147483647;
			files = (
			);
			runOnlyForDeploymentPostprocessing = 0;
		};
/* End PBXFrameworksBuildPhase section */

/* Begin PBXGroup section */
		1FD8153122705683006F6B42 = {
			isa = PBXGroup;
			children = (
				1FD8153C22705683006F6B42 /* Lab6CollectionViewDemo */,
				1FD8153B22705683006F6B42 /* Products */,
			);
			sourceTree = "<group>";
		};
		1FD8153B22705683006F6B42 /* Products */ = {
			isa = PBXGroup;
			children = (
				1FD8153A22705683006F6B42 /* Lab6CollectionViewDemo.app */,
			);
			name = Products;
			sourceTree = "<group>";
		};
		1FD8153C22705683006F6B42 /* Lab6CollectionViewDemo */ = {
			isa = PBXGroup;
			children = (
				1FD8155922705873006F6B42 /* firstPic.png */,
				1FD8153D22705683006F6B42 /* AppDelegate.h */,
				1FD8153E22705683006F6B42 /* AppDelegate.m */,
				1FD8154022705683006F6B42 /* ViewController.h */,
				1FD8154122705683006F6B42 /* ViewController.m */,
				1FD8154322705683006F6B42 /* Main.storyboard */,
				1FD8154622705684006F6B42 /* Assets.xcassets */,
				1FD8154822705684006F6B42 /* LaunchScreen.storyboard */,
				1FD8154B22705684006F6B42 /* Info.plist */,
				1FD8154C22705684006F6B42 /* main.m */,
				1FD8155322705704006F6B42 /* MyCollectionViewCell.h */,
				1FD8155422705704006F6B42 /* MyCollectionViewCell.m */,
				1FD815562270571D006F6B42 /* MyCollectionViewController.h */,
				1FD815572270571D006F6B42 /* MyCollectionViewController.m */,
			);
			path = Lab6CollectionViewDemo;
			sourceTree = "<group>";
		};
/* End PBXGroup section */

/* Begin PBXNativeTarget section */
		1FD8153922705683006F6B42 /* Lab6CollectionViewDemo */ = {
			isa = PBXNativeTarget;
			buildConfigurationList = 1FD8155022705685006F6B42 /* Build configuration list for PBXNativeTarget "Lab6CollectionViewDemo" */;
			buildPhases = (
				1FD8153622705683006F6B42 /* Sources */,
				1FD8153722705683006F6B42 /* Frameworks */,
				1FD8153822705683006F6B42 /* Resources */,
			);
			buildRules = (
			);
			dependencies = (
			);
			name = Lab6CollectionViewDemo;
			productName = Lab6CollectionViewDemo;
			productReference = 1FD8153A22705683006F6B42 /* Lab6CollectionViewDemo.app */;
			productType = "com.apple.product-type.application";
		};
/* End PBXNativeTarget section */

/* Begin PBXProject section */
		1FD8153222705683006F6B42 /* Project object */ = {
			isa = PBXProject;
			attributes = {
				LastUpgradeCheck = 1010;
				ORGANIZATIONNAME = ios;
				TargetAttributes = {
					1FD8153922705683006F6B42 = {
						CreatedOnToolsVersion = 10.1;
					};
				};
			};
			buildConfigurationList = 1FD8153522705683006F6B42 /* Build configuration list for PBXProject "Lab6CollectionViewDemo" */;
			compatibilityVersion = "Xcode 9.3";
			developmentRegion = en;
			hasScannedForEncodings = 0;
			knownRegions = (
				en,
				Base,
			);
			mainGroup = 1FD8153122705683006F6B42;
			productRefGroup = 1FD8153B22705683006F6B42 /* Products */;
			projectDirPath = "";
			projectRoot = "";
			targets = (
				1FD8153922705683006F6B42 /* Lab6CollectionViewDemo */,
			);
		};
/* End PBXProject section */

/* Begin PBXResourcesBuildPhase section */
		1FD8153822705683006F6B42 /* Resources */ = {
			isa = PBXResourcesBuildPhase;
			buildActionMask = 2147483647;
			files = (
				1FD8154A22705684006F6B42 /* LaunchScreen.storyboard in Resources */,
				1FD8154722705684006F6B42 /* Assets.xcassets in Resources */,
				1FD8154522705683006F6B42 /* Main.storyboard in Resources */,
				1FD8155A22705873006F6B42 /* firstPic.png in Resources */,
			);
			runOnlyForDeploymentPostprocessing = 0;
		};
/* End PBXResourcesBuildPhase section */

/* Begin PBXSourcesBuildPhase section */
		1FD8153622705683006F6B42 /* Sources */ = {
			isa = PBXSourcesBuildPhase;
			buildActionMask = 2147483647;
			files = (
				1FD8154222705683006F6B42 /* ViewController.m in Sources */,
				1FD815582270571D006F6B42 /* MyCollectionViewController.m in Sources */,
				1FD8154D22705684006F6B42 /* main.m in Sources */,
				1FD8155522705704006F6B42 /* MyCollectionViewCell.m in Sources */,
				1FD8153F22705683006F6B42 /* AppDelegate.m in Sources */,
			);
			runOnlyForDeploymentPostprocessing = 0;
		};
/* End PBXSourcesBuildPhase section */

/* Begin PBXVariantGroup section */
		1FD8154322705683006F6B42 /* Main.storyboard */ = {
			isa = PBXVariantGroup;
			children = (
				1FD8154422705683006F6B42 /* Base */,
			);
			name = Main.storyboard;
			sourceTree = "<group>";
		};
		1FD8154822705684006F6B42 /* LaunchScreen.storyboard */ = {
			isa = PBXVariantGroup;
			children = (
				1FD8154922705684006F6B42 /* Base */,
			);
			name = LaunchScreen.storyboard;
			sourceTree = "<group>";
		};
/* End PBXVariantGroup section */

/* Begin XCBuildConfiguration section */
		1FD8154E22705685006F6B42 /* Debug */ = {
			isa = XCBuildConfiguration;
			buildSettings = {
				ALWAYS_SEARCH_USER_PATHS = NO;
				CLANG_ANALYZER_NONNULL = YES;
				CLANG_ANALYZER_NUMBER_OBJECT_CONVERSION = YES_AGGRESSIVE;
				CLANG_CXX_LANGUAGE_STANDARD = "gnu++14";
				CLANG_CXX_LIBRARY = "libc++";
				CLANG_ENABLE_MODULES = YES;
				CLANG_ENABLE_OBJC_ARC = YES;
				CLANG_ENABLE_OBJC_WEAK = YES;
				CLANG_WARN_BLOCK_CAPTURE_AUTORELEASING = YES;
				CLANG_WARN_BOOL_CONVERSION = YES;
				CLANG_WARN_COMMA = YES;
				CLANG_WARN_CONSTANT_CONVERSION = YES;
				CLANG_WARN_DEPRECATED_OBJC_IMPLEMENTATIONS = YES;
				CLANG_WARN_DIRECT_OBJC_ISA_USAGE = YES_ERROR;
				CLANG_WARN_DOCUMENTATION_COMMENTS = YES;
				CLANG_WARN_EMPTY_BODY = YES;
				CLANG_WARN_ENUM_CONVERSION = YES;
				CLANG_WARN_INFINITE_RECURSION = YES;
				CLANG_WARN_INT_CONVERSION = YES;
				CLANG_WARN_NON_LITERAL_NULL_CONVERSION = YES;
				CLANG_WARN_OBJC_IMPLICIT_RETAIN_SELF = YES;
				CLANG_WARN_OBJC_LITERAL_CONVERSION = YES;
				CLANG_WARN_OBJC_ROOT_CLASS = YES_ERROR;
				CLANG_WARN_RANGE_LOOP_ANALYSIS = YES;
				CLANG_WARN_STRICT_PROTOTYPES = YES;
				CLANG_WARN_SUSPICIOUS_MOVE = YES;
				CLANG_WARN_UNGUARDED_AVAILABILITY = YES_AGGRESSIVE;
				CLANG_WARN_UNREACHABLE_CODE = YES;
				CLANG_WARN__DUPLICATE_METHOD_MATCH = YES;
				CODE_SIGN_IDENTITY = "iPhone Developer";
				COPY_PHASE_STRIP = NO;
				DEBUG_INFORMATION_FORMAT = dwarf;
				ENABLE_STRICT_OBJC_MSGSEND = YES;
				ENABLE_TESTABILITY = YES;
				GCC_C_LANGUAGE_STANDARD = gnu11;
				GCC_DYNAMIC_NO_PIC = NO;
				GCC_NO_COMMON_BLOCKS = YES;
				GCC_OPTIMIZATION_LEVEL = 0;
				GCC_PREPROCESSOR_DEFINITIONS = (
					"DEBUG=1",
					"$(inherited)",
				);
				GCC_WARN_64_TO_32_BIT_CONVERSION = YES;
				GCC_WARN_ABOUT_RETURN_TYPE = YES_ERROR;
				GCC_WARN_UNDECLARED_SELECTOR = YES;
				GCC_WARN_UNINITIALIZED_AUTOS = YES_AGGRESSIVE;
				GCC_WARN_UNUSED_FUNCTION = YES;
				GCC_WARN_UNUSED_VARIABLE = YES;
				IPHONEOS_DEPLOYMENT_TARGET = 12.1;
				MTL_ENABLE_DEBUG_INFO = INCLUDE_SOURCE;
				MTL_FAST_MATH = YES;
				ONLY_ACTIVE_ARCH = YES;
				SDKROOT = iphoneos;
			};
			name = Debug;
		};
		1FD8154F22705685006F6B42 /* Release */ = {
			isa = XCBuildConfiguration;
			buildSettings = {
				ALWAYS_SEARCH_USER_PATHS = NO;
				CLANG_ANALYZER_NONNULL = YES;
				CLANG_ANALYZER_NUMBER_OBJECT_CONVERSION = YES_AGGRESSIVE;
				CLANG_CXX_LANGUAGE_STANDARD = "gnu++14";
				CLANG_CXX_LIBRARY = "libc++";
				CLANG_ENABLE_MODULES = YES;
				CLANG_ENABLE_OBJC_ARC = YES;
				CLANG_ENABLE_OBJC_WEAK = YES;
				CLANG_WARN_BLOCK_CAPTURE_AUTORELEASING = YES;
				CLANG_WARN_BOOL_CONVERSION = YES;
				CLANG_WARN_COMMA = YES;
				CLANG_WARN_CONSTANT_CONVERSION = YES;
				CLANG_WARN_DEPRECATED_OBJC_IMPLEMENTATIONS = YES;
				CLANG_WARN_DIRECT_OBJC_ISA_USAGE = YES_ERROR;
				CLANG_WARN_DOCUMENTATION_COMMENTS = YES;
				CLANG_WARN_EMPTY_BODY = YES;
				CLANG_WARN_ENUM_CONVERSION = YES;
				CLANG_WARN_INFINITE_RECURSION = YES;
				CLANG_WARN_INT_CONVERSION = YES;
				CLANG_WARN_NON_LITERAL_NULL_CONVERSION = YES;
				CLANG_WARN_OBJC_IMPLICIT_RETAIN_SELF = YES;
				CLANG_WARN_OBJC_LITERAL_CONVERSION = YES;
				CLANG_WARN_OBJC_ROOT_CLASS = YES_ERROR;
				CLANG_WARN_RANGE_LOOP_ANALYSIS = YES;
				CLANG_WARN_STRICT_PROTOTYPES = YES;
				CLANG_WARN_SUSPICIOUS_MOVE = YES;
				CLANG_WARN_UNGUARDED_AVAILABILITY = YES_AGGRESSIVE;
				CLANG_WARN_UNREACHABLE_CODE = YES;
				CLANG_WARN__DUPLICATE_METHOD_MATCH = YES;
				CODE_SIGN_IDENTITY = "iPhone Developer";
				COPY_PHASE_STRIP = NO;
				DEBUG_INFORMATION_FORMAT = "dwarf-with-dsym";
				ENABLE_NS_ASSERTIONS = NO;
				ENABLE_STRICT_OBJC_MSGSEND = YES;
				GCC_C_LANGUAGE_STANDARD = gnu11;
				GCC_NO_COMMON_BLOCKS = YES;
				GCC_WARN_64_TO_32_BIT_CONVERSION = YES;
				GCC_WARN_ABOUT_RETURN_TYPE = YES_ERROR;
				GCC_WARN_UNDECLARED_SELECTOR = YES;
				GCC_WARN_UNINITIALIZED_AUTOS = YES_AGGRESSIVE;
				GCC_WARN_UNUSED_FUNCTION = YES;
				GCC_WARN_UNUSED_VARIABLE = YES;
				IPHONEOS_DEPLOYMENT_TARGET = 12.1;
				MTL_ENABLE_DEBUG_INFO = NO;
				MTL_FAST_MATH = YES;
				SDKROOT = iphoneos;
				VALIDATE_PRODUCT = YES;
			};
			name = Release;
		};
		1FD8155122705685006F6B42 /* Debug */ = {
			isa = XCBuildConfiguration;
			buildSettings = {
				ASSETCATALOG_COMPILER_APPICON_NAME = AppIcon;
				CODE_SIGN_STYLE = Automatic;
				INFOPLIST_FILE = Lab6CollectionViewDemo/Info.plist;
				LD_RUNPATH_SEARCH_PATHS = (
					"$(inherited)",
					"@executable_path/Frameworks",
				);
				PRODUCT_BUNDLE_IDENTIFIER = iti.Lab6CollectionViewDemo;
				PRODUCT_NAME = "$(TARGET_NAME)";
				TARGETED_DEVICE_FAMILY = "1,2";
			};
			name = Debug;
		};
		1FD8155222705685006F6B42 /* Release */ = {
			isa = XCBuildConfiguration;
			buildSettings = {
				ASSETCATALOG_COMPILER_APPICON_NAME = AppIcon;
				CODE_SIGN_STYLE = Automatic;
				INFOPLIST_FILE = Lab6CollectionViewDemo/Info.plist;
				LD_RUNPATH_SEARCH_PATHS = (
					"$(inherited)",
					"@executable_path/Frameworks",
				);
				PRODUCT_BUNDLE_IDENTIFIER = iti.Lab6CollectionViewDemo;
				PRODUCT_NAME = "$(TARGET_NAME)";
				TARGETED_DEVICE_FAMILY = "1,2";
			};
			name = Release;
		};
/* End XCBuildConfiguration section */

/* Begin XCConfigurationList section */
		1FD8153522705683006F6B42 /* Build configuration list for PBXProject "Lab6CollectionViewDemo" */ = {
			isa = XCConfigurationList;
			buildConfigurations = (
				1FD8154E22705685006F6B42 /* Debug */,
				1FD8154F22705685006F6B42 /* Release */,
			);
			defaultConfigurationIsVisible = 0;
			defaultConfigurationName = Release;
		};
		1FD8155022705685006F6B42 /* Build configuration list for PBXNativeTarget "Lab6CollectionViewDemo" */ = {
			isa = XCConfigurationList;
			buildConfigurations = (
				1FD8155122705685006F6B42 /* Debug */,
				1FD8155222705685006F6B42 /* Release */,
			);
			defaultConfigurationIsVisible = 0;
			defaultConfigurationName = Release;
		};
/* End XCConfigurationList section */
	};
	rootObject = 1FD8153222705683006F6B42 /* Project object */;
}
